DEPENDENCIES
  concrete5
    path: .
    metadata: true
  test_swapon
    path: test/cookbooks/test_swapon

GRAPH
  7-zip (1.0.2)
    windows (>= 1.2.2)
  apache2 (1.9.6)
    iptables (>= 0.0.0)
    logrotate (>= 0.0.0)
    pacman (>= 0.0.0)
  apt (2.3.8)
  ark (0.9.0)
    7-zip (>= 0.0.0)
    windows (>= 0.0.0)
  build-essential (2.1.3)
  chef-sugar (2.4.1)
  chef_handler (1.1.6)
  concrete5 (0.1.0)
    apache2 (<= 1.9.6)
    apt (<= 2.3.8)
    mysql (<= 4.1.2)
    nodejs (~> 2.2.0)
    php (<= 1.4.6)
    swap (<= 0.3.6)
  iis (2.1.6)
    windows (>= 1.34.6)
  iptables (0.14.0)
  logrotate (1.7.0)
  mysql (3.0.4)
    build-essential (> 1.1.0)
    openssl (>= 0.0.0)
  nodejs (2.2.0)
    apt (>= 0.0.0)
    ark (>= 0.0.0)
    build-essential (>= 0.0.0)
    yum-epel (>= 0.0.0)
  openssl (2.0.0)
    chef-sugar (>= 0.0.0)
  pacman (1.1.1)
  php (1.4.6)
    build-essential (>= 0.0.0)
    iis (>= 0.0.0)
    mysql (>= 0.0.0)
    windows (>= 0.0.0)
    xml (>= 0.0.0)
    yum-epel (>= 0.0.0)
  swap (0.3.6)
  test_swapon (0.1.0)
  windows (1.36.1)
    chef_handler (>= 0.0.0)
  xml (1.2.9)
    build-essential (>= 0.0.0)
    chef-sugar (>= 0.0.0)
  yum (3.5.2)
  yum-epel (0.5.3)
    yum (~> 3.0)
